{
  "object": {
    "pins": [
      {
        "package": "OpenVPNAdapter",
        "repositoryURL": "https://github.com/ss-abramchuk/OpenVPNAdapter",
        "state": {
          "branch": null,
          "revision": "0e2db0baa0d66029cbb18d74b78bc7a5c9013fba",
          "version": "0.8.0"
        }
      }
    ]
  },
  "version": 1
}
